
Microsoft Visual Studio Solution File, Format Version 12.00
# Visual Studio Version 16
VisualStudioVersion = 16.0.29230.47
MinimumVisualStudioVersion = 10.0.40219.1
Project("{FAE04EC0-301F-11D3-BF4B-00C04F79EFBC}") = "Uppgift2-d1309", "Uppgift2-d1309\Uppgift2-d1309.csproj", "{F0BA9368-11F8-459D-A6EF-D96E671CEA9B}"
EndProject
Global
	GlobalSection(SolutionConfigurationPlatforms) = preSolution
		Debug|Any CPU = Debug|Any CPU
		Release|Any CPU = Release|Any CPU
	EndGlobalSection
	GlobalSection(ProjectConfigurationPlatforms) = postSolution
		{F0BA9368-11F8-459D-A6EF-D96E671CEA9B}.Debug|Any CPU.ActiveCfg = Debug|Any CPU
		{F0BA9368-11F8-459D-A6EF-D96E671CEA9B}.Debug|Any CPU.Build.0 = Debug|Any CPU
		{F0BA9368-11F8-459D-A6EF-D96E671CEA9B}.Release|Any CPU.ActiveCfg = Release|Any CPU
		{F0BA9368-11F8-459D-A6EF-D96E671CEA9B}.Release|Any CPU.Build.0 = Release|Any CPU
	EndGlobalSection
	GlobalSection(SolutionProperties) = preSolution
		HideSolutionNode = FALSE
	EndGlobalSection
	GlobalSection(ExtensibilityGlobals) = postSolution
		SolutionGuid = {6C63160D-26C4-4AAD-8C17-409445418A4C}
	EndGlobalSection
EndGlobal
